// !$*UTF8*$!
{
	archiveVersion = 1;
	classes = {
	};
	objectVersion = 50;
	objects = {

/* Begin PBXBuildFile section */
		D7101ABC23ECC78500F63EFB /* PNG-cards-1.3 in Resources */ = {isa = PBXBuildFile; fileRef = D7101ABB23ECC78500F63EFB /* PNG-cards-1.3 */; };
		D7101ABE23ECC8C400F63EFB /* blackjack.m in Sources */ = {isa = PBXBuildFile; fileRef = D7101ABD23ECC8C400F63EFB /* blackjack.m */; };
		D71E656E23F36EBB005E151B /* pokertop.png in Resources */ = {isa = PBXBuildFile; fileRef = D71E656D23F36EBB005E151B /* pokertop.png */; };
		D71E657023F36ECE005E151B /* greenpokertable.jpg in Resources */ = {isa = PBXBuildFile; fileRef = D71E656F23F36ECE005E151B /* greenpokertable.jpg */; };
		D727069523DB8C6D00E3A78F /* golfwang.storyboard in Resources */ = {isa = PBXBuildFile; fileRef = D727069423DB8C6D00E3A78F /* golfwang.storyboard */; };
		D727069723DB8D1700E3A78F /* golfwang1.storyboard in Resources */ = {isa = PBXBuildFile; fileRef = D727069623DB8D1700E3A78F /* golfwang1.storyboard */; };
		D727069923DB8FA100E3A78F /* golfwang2.storyboard in Resources */ = {isa = PBXBuildFile; fileRef = D727069823DB8FA100E3A78F /* golfwang2.storyboard */; };
		D727069B23DB912900E3A78F /* golfwang3.storyboard in Resources */ = {isa = PBXBuildFile; fileRef = D727069A23DB912900E3A78F /* golfwang3.storyboard */; };
		D72D362023DF98C50006EFAD /* golfwang4.storyboard in Resources */ = {isa = PBXBuildFile; fileRef = D72D361F23DF98C50006EFAD /* golfwang4.storyboard */; };
		D75539B023F2138C0057E260 /* blackjack.storyboard in Resources */ = {isa = PBXBuildFile; fileRef = D75539AF23F2138C0057E260 /* blackjack.storyboard */; };
		D765413223CE8287008BD5D9 /* AppDelegate.m in Sources */ = {isa = PBXBuildFile; fileRef = D765413123CE8287008BD5D9 /* AppDelegate.m */; };
		D765413523CE8287008BD5D9 /* SceneDelegate.m in Sources */ = {isa = PBXBuildFile; fileRef = D765413423CE8287008BD5D9 /* SceneDelegate.m */; };
		D765413823CE8287008BD5D9 /* translate.m in Sources */ = {isa = PBXBuildFile; fileRef = D765413723CE8287008BD5D9 /* translate.m */; };
		D765413B23CE8287008BD5D9 /* Main.storyboard in Resources */ = {isa = PBXBuildFile; fileRef = D765413923CE8287008BD5D9 /* Main.storyboard */; };
		D765413D23CE8288008BD5D9 /* Assets.xcassets in Resources */ = {isa = PBXBuildFile; fileRef = D765413C23CE8288008BD5D9 /* Assets.xcassets */; };
		D765414023CE8288008BD5D9 /* LaunchScreen.storyboard in Resources */ = {isa = PBXBuildFile; fileRef = D765413E23CE8288008BD5D9 /* LaunchScreen.storyboard */; };
		D765414323CE8288008BD5D9 /* main.m in Sources */ = {isa = PBXBuildFile; fileRef = D765414223CE8288008BD5D9 /* main.m */; };
		D765414D23CE8288008BD5D9 /* translatorTests.m in Sources */ = {isa = PBXBuildFile; fileRef = D765414C23CE8288008BD5D9 /* translatorTests.m */; };
		D765415823CE8289008BD5D9 /* translatorUITests.m in Sources */ = {isa = PBXBuildFile; fileRef = D765415723CE8289008BD5D9 /* translatorUITests.m */; };
		D765416A23CE82D0008BD5D9 /* translate.c in Sources */ = {isa = PBXBuildFile; fileRef = D765416923CE82D0008BD5D9 /* translate.c */; };
		D77534FB23D27A760024C678 /* translate.storyboard in Resources */ = {isa = PBXBuildFile; fileRef = D77534FA23D27A760024C678 /* translate.storyboard */; };
		D77FB2EF23D7BE0A0088B56B /* golfball.png in Resources */ = {isa = PBXBuildFile; fileRef = D77FB2F323D7BE0A0088B56B /* golfball.png */; };
		D77FB2F023D7BE0A0088B56B /* golfball.png in Resources */ = {isa = PBXBuildFile; fileRef = D77FB2F323D7BE0A0088B56B /* golfball.png */; };
		D77FB2F123D7BE0A0088B56B /* golfball.png in Resources */ = {isa = PBXBuildFile; fileRef = D77FB2F323D7BE0A0088B56B /* golfball.png */; };
		D77FE55023E393530021CCEC /* clapping.mp3 in Resources */ = {isa = PBXBuildFile; fileRef = D77FE54F23E393530021CCEC /* clapping.mp3 */; };
		D7B6766623CFC436005A1B1E /* golfwang.m in Sources */ = {isa = PBXBuildFile; fileRef = D7B6766523CFC436005A1B1E /* golfwang.m */; };
/* End PBXBuildFile section */

/* Begin PBXContainerItemProxy section */
		D765414923CE8288008BD5D9 /* PBXContainerItemProxy */ = {
			isa = PBXContainerItemProxy;
			containerPortal = D765412523CE8287008BD5D9 /* Project object */;
			proxyType = 1;
			remoteGlobalIDString = D765412C23CE8287008BD5D9;
			remoteInfo = translator;
		};
		D765415423CE8289008BD5D9 /* PBXContainerItemProxy */ = {
			isa = PBXContainerItemProxy;
			containerPortal = D765412523CE8287008BD5D9 /* Project object */;
			proxyType = 1;
			remoteGlobalIDString = D765412C23CE8287008BD5D9;
			remoteInfo = translator;
		};
/* End PBXContainerItemProxy section */

/* Begin PBXFileReference section */
		D7101ABB23ECC78500F63EFB /* PNG-cards-1.3 */ = {isa = PBXFileReference; lastKnownFileType = folder; path = "PNG-cards-1.3"; sourceTree = "<group>"; };
		D7101ABD23ECC8C400F63EFB /* blackjack.m */ = {isa = PBXFileReference; lastKnownFileType = sourcecode.c.objc; path = blackjack.m; sourceTree = "<group>"; };
		D71E656D23F36EBB005E151B /* pokertop.png */ = {isa = PBXFileReference; lastKnownFileType = image.png; path = pokertop.png; sourceTree = "<group>"; };
		D71E656F23F36ECE005E151B /* greenpokertable.jpg */ = {isa = PBXFileReference; lastKnownFileType = image.jpeg; path = greenpokertable.jpg; sourceTree = "<group>"; };
		D727069423DB8C6D00E3A78F /* golfwang.storyboard */ = {isa = PBXFileReference; lastKnownFileType = file.storyboard; path = golfwang.storyboard; sourceTree = "<group>"; };
		D727069623DB8D1700E3A78F /* golfwang1.storyboard */ = {isa = PBXFileReference; lastKnownFileType = file.storyboard; path = golfwang1.storyboard; sourceTree = "<group>"; };
		D727069823DB8FA100E3A78F /* golfwang2.storyboard */ = {isa = PBXFileReference; lastKnownFileType = file.storyboard; path = golfwang2.storyboard; sourceTree = "<group>"; };
		D727069A23DB912900E3A78F /* golfwang3.storyboard */ = {isa = PBXFileReference; lastKnownFileType = file.storyboard; path = golfwang3.storyboard; sourceTree = "<group>"; };
		D72A116F23E8D64F0070E6EC /* blackjack.h */ = {isa = PBXFileReference; lastKnownFileType = sourcecode.c.h; path = blackjack.h; sourceTree = "<group>"; };
		D72D361F23DF98C50006EFAD /* golfwang4.storyboard */ = {isa = PBXFileReference; lastKnownFileType = file.storyboard; path = golfwang4.storyboard; sourceTree = "<group>"; };
		D75539AF23F2138C0057E260 /* blackjack.storyboard */ = {isa = PBXFileReference; lastKnownFileType = file.storyboard; path = blackjack.storyboard; sourceTree = "<group>"; };
		D765412D23CE8287008BD5D9 /* translator.app */ = {isa = PBXFileReference; explicitFileType = wrapper.application; includeInIndex = 0; path = translator.app; sourceTree = BUILT_PRODUCTS_DIR; };
		D765413023CE8287008BD5D9 /* AppDelegate.h */ = {isa = PBXFileReference; lastKnownFileType = sourcecode.c.h; path = AppDelegate.h; sourceTree = "<group>"; };
		D765413123CE8287008BD5D9 /* AppDelegate.m */ = {isa = PBXFileReference; lastKnownFileType = sourcecode.c.objc; path = AppDelegate.m; sourceTree = "<group>"; };
		D765413323CE8287008BD5D9 /* SceneDelegate.h */ = {isa = PBXFileReference; lastKnownFileType = sourcecode.c.h; path = SceneDelegate.h; sourceTree = "<group>"; };
		D765413423CE8287008BD5D9 /* SceneDelegate.m */ = {isa = PBXFileReference; lastKnownFileType = sourcecode.c.objc; path = SceneDelegate.m; sourceTree = "<group>"; };
		D765413623CE8287008BD5D9 /* translate.h */ = {isa = PBXFileReference; lastKnownFileType = sourcecode.c.h; path = translate.h; sourceTree = "<group>"; };
		D765413723CE8287008BD5D9 /* translate.m */ = {isa = PBXFileReference; lastKnownFileType = sourcecode.c.objc; path = translate.m; sourceTree = "<group>"; };
		D765413A23CE8287008BD5D9 /* Base */ = {isa = PBXFileReference; lastKnownFileType = file.storyboard; name = Base; path = Base.lproj/Main.storyboard; sourceTree = "<group>"; };
		D765413C23CE8288008BD5D9 /* Assets.xcassets */ = {isa = PBXFileReference; lastKnownFileType = folder.assetcatalog; path = Assets.xcassets; sourceTree = "<group>"; };
		D765413F23CE8288008BD5D9 /* Base */ = {isa = PBXFileReference; lastKnownFileType = file.storyboard; name = Base; path = Base.lproj/LaunchScreen.storyboard; sourceTree = "<group>"; };
		D765414123CE8288008BD5D9 /* Info.plist */ = {isa = PBXFileReference; lastKnownFileType = text.plist.xml; path = Info.plist; sourceTree = "<group>"; };
		D765414223CE8288008BD5D9 /* main.m */ = {isa = PBXFileReference; lastKnownFileType = sourcecode.c.objc; path = main.m; sourceTree = "<group>"; };
		D765414823CE8288008BD5D9 /* translatorTests.xctest */ = {isa = PBXFileReference; explicitFileType = wrapper.cfbundle; includeInIndex = 0; path = translatorTests.xctest; sourceTree = BUILT_PRODUCTS_DIR; };
		D765414C23CE8288008BD5D9 /* translatorTests.m */ = {isa = PBXFileReference; lastKnownFileType = sourcecode.c.objc; path = translatorTests.m; sourceTree = "<group>"; };
		D765414E23CE8288008BD5D9 /* Info.plist */ = {isa = PBXFileReference; lastKnownFileType = text.plist.xml; path = Info.plist; sourceTree = "<group>"; };
		D765415323CE8289008BD5D9 /* translatorUITests.xctest */ = {isa = PBXFileReference; explicitFileType = wrapper.cfbundle; includeInIndex = 0; path = translatorUITests.xctest; sourceTree = BUILT_PRODUCTS_DIR; };
		D765415723CE8289008BD5D9 /* translatorUITests.m */ = {isa = PBXFileReference; lastKnownFileType = sourcecode.c.objc; path = translatorUITests.m; sourceTree = "<group>"; };
		D765415923CE8289008BD5D9 /* Info.plist */ = {isa = PBXFileReference; lastKnownFileType = text.plist.xml; path = Info.plist; sourceTree = "<group>"; };
		D765416723CE82C3008BD5D9 /* control.h */ = {isa = PBXFileReference; lastKnownFileType = sourcecode.c.h; path = control.h; sourceTree = "<group>"; };
		D765416923CE82D0008BD5D9 /* translate.c */ = {isa = PBXFileReference; lastKnownFileType = sourcecode.c.c; path = translate.c; sourceTree = "<group>"; };
		D77534FA23D27A760024C678 /* translate.storyboard */ = {isa = PBXFileReference; lastKnownFileType = file.storyboard; path = translate.storyboard; sourceTree = "<group>"; };
		D77FB2F223D7BE0A0088B56B /* Base */ = {isa = PBXFileReference; lastKnownFileType = image.png; name = Base; path = Base.lproj/golfball.png; sourceTree = "<group>"; };
		D77FE54F23E393530021CCEC /* clapping.mp3 */ = {isa = PBXFileReference; lastKnownFileType = audio.mp3; path = clapping.mp3; sourceTree = "<group>"; };
		D7B6766523CFC436005A1B1E /* golfwang.m */ = {isa = PBXFileReference; lastKnownFileType = sourcecode.c.objc; path = golfwang.m; sourceTree = "<group>"; };
		D7B6766723CFC440005A1B1E /* golfwang.h */ = {isa = PBXFileReference; lastKnownFileType = sourcecode.c.h; path = golfwang.h; sourceTree = "<group>"; };
/* End PBXFileReference section */

/* Begin PBXFrameworksBuildPhase section */
		D765412A23CE8287008BD5D9 /* Frameworks */ = {
			isa = PBXFrameworksBuildPhase;
			buildActionMask = 2147483647;
			files = (
			);
			runOnlyForDeploymentPostprocessing = 0;
		};
		D765414523CE8288008BD5D9 /* Frameworks */ = {
			isa = PBXFrameworksBuildPhase;
			buildActionMask = 2147483647;
			files = (
			);
			runOnlyForDeploymentPostprocessing = 0;
		};
		D765415023CE8289008BD5D9 /* Frameworks */ = {
			isa = PBXFrameworksBuildPhase;
			buildActionMask = 2147483647;
			files = (
			);
			runOnlyForDeploymentPostprocessing = 0;
		};
/* End PBXFrameworksBuildPhase section */

/* Begin PBXGroup section */
		D765412423CE8287008BD5D9 = {
			isa = PBXGroup;
			children = (
				D7101ABB23ECC78500F63EFB /* PNG-cards-1.3 */,
				D7B6766823CFC44B005A1B1E /* media */,
				D7B6766223CFC37D005A1B1E /* views */,
				D765416623CE82AC008BD5D9 /* control */,
				D765412F23CE8287008BD5D9 /* translator */,
				D765414B23CE8288008BD5D9 /* translatorTests */,
				D765415623CE8289008BD5D9 /* translatorUITests */,
				D765412E23CE8287008BD5D9 /* Products */,
			);
			sourceTree = "<group>";
		};
		D765412E23CE8287008BD5D9 /* Products */ = {
			isa = PBXGroup;
			children = (
				D765412D23CE8287008BD5D9 /* translator.app */,
				D765414823CE8288008BD5D9 /* translatorTests.xctest */,
				D765415323CE8289008BD5D9 /* translatorUITests.xctest */,
			);
			name = Products;
			sourceTree = "<group>";
		};
		D765412F23CE8287008BD5D9 /* translator */ = {
			isa = PBXGroup;
			children = (
				D765413023CE8287008BD5D9 /* AppDelegate.h */,
				D765413123CE8287008BD5D9 /* AppDelegate.m */,
				D765413323CE8287008BD5D9 /* SceneDelegate.h */,
				D72A116F23E8D64F0070E6EC /* blackjack.h */,
				D7101ABD23ECC8C400F63EFB /* blackjack.m */,
				D765413423CE8287008BD5D9 /* SceneDelegate.m */,
				D7B6766523CFC436005A1B1E /* golfwang.m */,
				D7B6766723CFC440005A1B1E /* golfwang.h */,
				D765413623CE8287008BD5D9 /* translate.h */,
				D765413723CE8287008BD5D9 /* translate.m */,
				D765413C23CE8288008BD5D9 /* Assets.xcassets */,
				D765414123CE8288008BD5D9 /* Info.plist */,
				D765414223CE8288008BD5D9 /* main.m */,
			);
			path = translator;
			sourceTree = "<group>";
		};
		D765414B23CE8288008BD5D9 /* translatorTests */ = {
			isa = PBXGroup;
			children = (
				D765414C23CE8288008BD5D9 /* translatorTests.m */,
				D765414E23CE8288008BD5D9 /* Info.plist */,
			);
			path = translatorTests;
			sourceTree = "<group>";
		};
		D765415623CE8289008BD5D9 /* translatorUITests */ = {
			isa = PBXGroup;
			children = (
				D765415723CE8289008BD5D9 /* translatorUITests.m */,
				D765415923CE8289008BD5D9 /* Info.plist */,
			);
			path = translatorUITests;
			sourceTree = "<group>";
		};
		D765416623CE82AC008BD5D9 /* control */ = {
			isa = PBXGroup;
			children = (
				D765416723CE82C3008BD5D9 /* control.h */,
				D765416923CE82D0008BD5D9 /* translate.c */,
			);
			path = control;
			sourceTree = "<group>";
		};
		D7B6766223CFC37D005A1B1E /* views */ = {
			isa = PBXGroup;
			children = (
				D765413923CE8287008BD5D9 /* Main.storyboard */,
				D77534FA23D27A760024C678 /* translate.storyboard */,
				D727069423DB8C6D00E3A78F /* golfwang.storyboard */,
				D727069623DB8D1700E3A78F /* golfwang1.storyboard */,
				D75539AF23F2138C0057E260 /* blackjack.storyboard */,
				D727069823DB8FA100E3A78F /* golfwang2.storyboard */,
				D727069A23DB912900E3A78F /* golfwang3.storyboard */,
				D72D361F23DF98C50006EFAD /* golfwang4.storyboard */,
				D765413E23CE8288008BD5D9 /* LaunchScreen.storyboard */,
			);
			path = views;
			sourceTree = "<group>";
		};
		D7B6766823CFC44B005A1B1E /* media */ = {
			isa = PBXGroup;
			children = (
				D77FE54F23E393530021CCEC /* clapping.mp3 */,
				D71E656D23F36EBB005E151B /* pokertop.png */,
				D71E656F23F36ECE005E151B /* greenpokertable.jpg */,
				D77FB2F323D7BE0A0088B56B /* golfball.png */,
			);
			path = media;
			sourceTree = "<group>";
		};
/* End PBXGroup section */

/* Begin PBXNativeTarget section */
		D765412C23CE8287008BD5D9 /* translator */ = {
			isa = PBXNativeTarget;
			buildConfigurationList = D765415C23CE8289008BD5D9 /* Build configuration list for PBXNativeTarget "translator" */;
			buildPhases = (
				D765412923CE8287008BD5D9 /* Sources */,
				D765412A23CE8287008BD5D9 /* Frameworks */,
				D765412B23CE8287008BD5D9 /* Resources */,
			);
			buildRules = (
			);
			dependencies = (
			);
			name = translator;
			productName = translator;
			productReference = D765412D23CE8287008BD5D9 /* translator.app */;
			productType = "com.apple.product-type.application";
		};
		D765414723CE8288008BD5D9 /* translatorTests */ = {
			isa = PBXNativeTarget;
			buildConfigurationList = D765415F23CE8289008BD5D9 /* Build configuration list for PBXNativeTarget "translatorTests" */;
			buildPhases = (
				D765414423CE8288008BD5D9 /* Sources */,
				D765414523CE8288008BD5D9 /* Frameworks */,
				D765414623CE8288008BD5D9 /* Resources */,
			);
			buildRules = (
			);
			dependencies = (
				D765414A23CE8288008BD5D9 /* PBXTargetDependency */,
			);
			name = translatorTests;
			productName = translatorTests;
			productReference = D765414823CE8288008BD5D9 /* translatorTests.xctest */;
			productType = "com.apple.product-type.bundle.unit-test";
		};
		D765415223CE8289008BD5D9 /* translatorUITests */ = {
			isa = PBXNativeTarget;
			buildConfigurationList = D765416223CE8289008BD5D9 /* Build configuration list for PBXNativeTarget "translatorUITests" */;
			buildPhases = (
				D765414F23CE8289008BD5D9 /* Sources */,
				D765415023CE8289008BD5D9 /* Frameworks */,
				D765415123CE8289008BD5D9 /* Resources */,
			);
			buildRules = (
			);
			dependencies = (
				D765415523CE8289008BD5D9 /* PBXTargetDependency */,
			);
			name = translatorUITests;
			productName = translatorUITests;
			productReference = D765415323CE8289008BD5D9 /* translatorUITests.xctest */;
			productType = "com.apple.product-type.bundle.ui-testing";
		};
/* End PBXNativeTarget section */

/* Begin PBXProject section */
		D765412523CE8287008BD5D9 /* Project object */ = {
			isa = PBXProject;
			attributes = {
				LastUpgradeCheck = 1110;
				ORGANIZATIONNAME = "Sengupta, Dhruv";
				TargetAttributes = {
					D765412C23CE8287008BD5D9 = {
						CreatedOnToolsVersion = 11.1;
					};
					D765414723CE8288008BD5D9 = {
						CreatedOnToolsVersion = 11.1;
						TestTargetID = D765412C23CE8287008BD5D9;
					};
					D765415223CE8289008BD5D9 = {
						CreatedOnToolsVersion = 11.1;
						TestTargetID = D765412C23CE8287008BD5D9;
					};
				};
			};
			buildConfigurationList = D765412823CE8287008BD5D9 /* Build configuration list for PBXProject "translator" */;
			compatibilityVersion = "Xcode 9.3";
			developmentRegion = en;
			hasScannedForEncodings = 0;
			knownRegions = (
				en,
				Base,
			);
			mainGroup = D765412423CE8287008BD5D9;
			productRefGroup = D765412E23CE8287008BD5D9 /* Products */;
			projectDirPath = "";
			projectRoot = "";
			targets = (
				D765412C23CE8287008BD5D9 /* translator */,
				D765414723CE8288008BD5D9 /* translatorTests */,
				D765415223CE8289008BD5D9 /* translatorUITests */,
			);
		};
/* End PBXProject section */

/* Begin PBXResourcesBuildPhase section */
		D765412B23CE8287008BD5D9 /* Resources */ = {
			isa = PBXResourcesBuildPhase;
			buildActionMask = 2147483647;
			files = (
				D765414023CE8288008BD5D9 /* LaunchScreen.storyboard in Resources */,
				D727069523DB8C6D00E3A78F /* golfwang.storyboard in Resources */,
				D77FE55023E393530021CCEC /* clapping.mp3 in Resources */,
				D71E656E23F36EBB005E151B /* pokertop.png in Resources */,
				D7101ABC23ECC78500F63EFB /* PNG-cards-1.3 in Resources */,
				D727069923DB8FA100E3A78F /* golfwang2.storyboard in Resources */,
				D765413D23CE8288008BD5D9 /* Assets.xcassets in Resources */,
				D727069B23DB912900E3A78F /* golfwang3.storyboard in Resources */,
				D765413B23CE8287008BD5D9 /* Main.storyboard in Resources */,
				D77534FB23D27A760024C678 /* translate.storyboard in Resources */,
				D727069723DB8D1700E3A78F /* golfwang1.storyboard in Resources */,
				D71E657023F36ECE005E151B /* greenpokertable.jpg in Resources */,
				D75539B023F2138C0057E260 /* blackjack.storyboard in Resources */,
				D72D362023DF98C50006EFAD /* golfwang4.storyboard in Resources */,
				D77FB2EF23D7BE0A0088B56B /* golfball.png in Resources */,
			);
			runOnlyForDeploymentPostprocessing = 0;
		};
		D765414623CE8288008BD5D9 /* Resources */ = {
			isa = PBXResourcesBuildPhase;
			buildActionMask = 2147483647;
			files = (
				D77FB2F023D7BE0A0088B56B /* golfball.png in Resources */,
			);
			runOnlyForDeploymentPostprocessing = 0;
		};
		D765415123CE8289008BD5D9 /* Resources */ = {
			isa = PBXResourcesBuildPhase;
			buildActionMask = 2147483647;
			files = (
				D77FB2F123D7BE0A0088B56B /* golfball.png in Resources */,
			);
			runOnlyForDeploymentPostprocessing = 0;
		};
/* End PBXResourcesBuildPhase section */

/* Begin PBXSourcesBuildPhase section */
		D765412923CE8287008BD5D9 /* Sources */ = {
			isa = PBXSourcesBuildPhase;
			buildActionMask = 2147483647;
			files = (
				D765416A23CE82D0008BD5D9 /* translate.c in Sources */,
				D765413823CE8287008BD5D9 /* translate.m in Sources */,
				D765413223CE8287008BD5D9 /* AppDelegate.m in Sources */,
				D7101ABE23ECC8C400F63EFB /* blackjack.m in Sources */,
				D765414323CE8288008BD5D9 /* main.m in Sources */,
				D7B6766623CFC436005A1B1E /* golfwang.m in Sources */,
				D765413523CE8287008BD5D9 /* SceneDelegate.m in Sources */,
			);
			runOnlyForDeploymentPostprocessing = 0;
		};
		D765414423CE8288008BD5D9 /* Sources */ = {
			isa = PBXSourcesBuildPhase;
			buildActionMask = 2147483647;
			files = (
				D765414D23CE8288008BD5D9 /* translatorTests.m in Sources */,
			);
			runOnlyForDeploymentPostprocessing = 0;
		};
		D765414F23CE8289008BD5D9 /* Sources */ = {
			isa = PBXSourcesBuildPhase;
			buildActionMask = 2147483647;
			files = (
				D765415823CE8289008BD5D9 /* translatorUITests.m in Sources */,
			);
			runOnlyForDeploymentPostprocessing = 0;
		};
/* End PBXSourcesBuildPhase section */

/* Begin PBXTargetDependency section */
		D765414A23CE8288008BD5D9 /* PBXTargetDependency */ = {
			isa = PBXTargetDependency;
			target = D765412C23CE8287008BD5D9 /* translator */;
			targetProxy = D765414923CE8288008BD5D9 /* PBXContainerItemProxy */;
		};
		D765415523CE8289008BD5D9 /* PBXTargetDependency */ = {
			isa = PBXTargetDependency;
			target = D765412C23CE8287008BD5D9 /* translator */;
			targetProxy = D765415423CE8289008BD5D9 /* PBXContainerItemProxy */;
		};
/* End PBXTargetDependency section */

/* Begin PBXVariantGroup section */
		D765413923CE8287008BD5D9 /* Main.storyboard */ = {
			isa = PBXVariantGroup;
			children = (
				D765413A23CE8287008BD5D9 /* Base */,
			);
			name = Main.storyboard;
			sourceTree = "<group>";
		};
		D765413E23CE8288008BD5D9 /* LaunchScreen.storyboard */ = {
			isa = PBXVariantGroup;
			children = (
				D765413F23CE8288008BD5D9 /* Base */,
			);
			name = LaunchScreen.storyboard;
			sourceTree = "<group>";
		};
		D77FB2F323D7BE0A0088B56B /* golfball.png */ = {
			isa = PBXVariantGroup;
			children = (
				D77FB2F223D7BE0A0088B56B /* Base */,
			);
			name = golfball.png;
			sourceTree = "<group>";
		};
/* End PBXVariantGroup section */

/* Begin XCBuildConfiguration section */
		D765415A23CE8289008BD5D9 /* Debug */ = {
			isa = XCBuildConfiguration;
			buildSettings = {
				ALWAYS_SEARCH_USER_PATHS = NO;
				CLANG_ANALYZER_NONNULL = YES;
				CLANG_ANALYZER_NUMBER_OBJECT_CONVERSION = YES_AGGRESSIVE;
				CLANG_CXX_LANGUAGE_STANDARD = "gnu++14";
				CLANG_CXX_LIBRARY = "libc++";
				CLANG_ENABLE_MODULES = YES;
				CLANG_ENABLE_OBJC_ARC = YES;
				CLANG_ENABLE_OBJC_WEAK = YES;
				CLANG_WARN_BLOCK_CAPTURE_AUTORELEASING = YES;
				CLANG_WARN_BOOL_CONVERSION = YES;
				CLANG_WARN_COMMA = YES;
				CLANG_WARN_CONSTANT_CONVERSION = YES;
				CLANG_WARN_DEPRECATED_OBJC_IMPLEMENTATIONS = YES;
				CLANG_WARN_DIRECT_OBJC_ISA_USAGE = YES_ERROR;
				CLANG_WARN_DOCUMENTATION_COMMENTS = YES;
				CLANG_WARN_EMPTY_BODY = YES;
				CLANG_WARN_ENUM_CONVERSION = YES;
				CLANG_WARN_INFINITE_RECURSION = YES;
				CLANG_WARN_INT_CONVERSION = YES;
				CLANG_WARN_NON_LITERAL_NULL_CONVERSION = YES;
				CLANG_WARN_OBJC_IMPLICIT_RETAIN_SELF = YES;
				CLANG_WARN_OBJC_LITERAL_CONVERSION = YES;
				CLANG_WARN_OBJC_ROOT_CLASS = YES_ERROR;
				CLANG_WARN_RANGE_LOOP_ANALYSIS = YES;
				CLANG_WARN_STRICT_PROTOTYPES = YES;
				CLANG_WARN_SUSPICIOUS_MOVE = YES;
				CLANG_WARN_UNGUARDED_AVAILABILITY = YES_AGGRESSIVE;
				CLANG_WARN_UNREACHABLE_CODE = YES;
				CLANG_WARN__DUPLICATE_METHOD_MATCH = YES;
				COPY_PHASE_STRIP = NO;
				DEBUG_INFORMATION_FORMAT = dwarf;
				ENABLE_STRICT_OBJC_MSGSEND = YES;
				ENABLE_TESTABILITY = YES;
				GCC_C_LANGUAGE_STANDARD = gnu11;
				GCC_DYNAMIC_NO_PIC = NO;
				GCC_NO_COMMON_BLOCKS = YES;
				GCC_OPTIMIZATION_LEVEL = 0;
				GCC_PREPROCESSOR_DEFINITIONS = (
					"DEBUG=1",
					"$(inherited)",
				);
				GCC_WARN_64_TO_32_BIT_CONVERSION = YES;
				GCC_WARN_ABOUT_RETURN_TYPE = YES_ERROR;
				GCC_WARN_UNDECLARED_SELECTOR = YES;
				GCC_WARN_UNINITIALIZED_AUTOS = YES_AGGRESSIVE;
				GCC_WARN_UNUSED_FUNCTION = YES;
				GCC_WARN_UNUSED_VARIABLE = YES;
				IPHONEOS_DEPLOYMENT_TARGET = 13.1;
				MTL_ENABLE_DEBUG_INFO = INCLUDE_SOURCE;
				MTL_FAST_MATH = YES;
				ONLY_ACTIVE_ARCH = YES;
				SDKROOT = iphoneos;
			};
			name = Debug;
		};
		D765415B23CE8289008BD5D9 /* Release */ = {
			isa = XCBuildConfiguration;
			buildSettings = {
				ALWAYS_SEARCH_USER_PATHS = NO;
				CLANG_ANALYZER_NONNULL = YES;
				CLANG_ANALYZER_NUMBER_OBJECT_CONVERSION = YES_AGGRESSIVE;
				CLANG_CXX_LANGUAGE_STANDARD = "gnu++14";
				CLANG_CXX_LIBRARY = "libc++";
				CLANG_ENABLE_MODULES = YES;
				CLANG_ENABLE_OBJC_ARC = YES;
				CLANG_ENABLE_OBJC_WEAK = YES;
				CLANG_WARN_BLOCK_CAPTURE_AUTORELEASING = YES;
				CLANG_WARN_BOOL_CONVERSION = YES;
				CLANG_WARN_COMMA = YES;
				CLANG_WARN_CONSTANT_CONVERSION = YES;
				CLANG_WARN_DEPRECATED_OBJC_IMPLEMENTATIONS = YES;
				CLANG_WARN_DIRECT_OBJC_ISA_USAGE = YES_ERROR;
				CLANG_WARN_DOCUMENTATION_COMMENTS = YES;
				CLANG_WARN_EMPTY_BODY = YES;
				CLANG_WARN_ENUM_CONVERSION = YES;
				CLANG_WARN_INFINITE_RECURSION = YES;
				CLANG_WARN_INT_CONVERSION = YES;
				CLANG_WARN_NON_LITERAL_NULL_CONVERSION = YES;
				CLANG_WARN_OBJC_IMPLICIT_RETAIN_SELF = YES;
				CLANG_WARN_OBJC_LITERAL_CONVERSION = YES;
				CLANG_WARN_OBJC_ROOT_CLASS = YES_ERROR;
				CLANG_WARN_RANGE_LOOP_ANALYSIS = YES;
				CLANG_WARN_STRICT_PROTOTYPES = YES;
				CLANG_WARN_SUSPICIOUS_MOVE = YES;
				CLANG_WARN_UNGUARDED_AVAILABILITY = YES_AGGRESSIVE;
				CLANG_WARN_UNREACHABLE_CODE = YES;
				CLANG_WARN__DUPLICATE_METHOD_MATCH = YES;
				COPY_PHASE_STRIP = NO;
				DEBUG_INFORMATION_FORMAT = "dwarf-with-dsym";
				ENABLE_NS_ASSERTIONS = NO;
				ENABLE_STRICT_OBJC_MSGSEND = YES;
				GCC_C_LANGUAGE_STANDARD = gnu11;
				GCC_NO_COMMON_BLOCKS = YES;
				GCC_WARN_64_TO_32_BIT_CONVERSION = YES;
				GCC_WARN_ABOUT_RETURN_TYPE = YES_ERROR;
				GCC_WARN_UNDECLARED_SELECTOR = YES;
				GCC_WARN_UNINITIALIZED_AUTOS = YES_AGGRESSIVE;
				GCC_WARN_UNUSED_FUNCTION = YES;
				GCC_WARN_UNUSED_VARIABLE = YES;
				IPHONEOS_DEPLOYMENT_TARGET = 13.1;
				MTL_ENABLE_DEBUG_INFO = NO;
				MTL_FAST_MATH = YES;
				SDKROOT = iphoneos;
				VALIDATE_PRODUCT = YES;
			};
			name = Release;
		};
		D765415D23CE8289008BD5D9 /* Debug */ = {
			isa = XCBuildConfiguration;
			buildSettings = {
				ASSETCATALOG_COMPILER_APPICON_NAME = AppIcon;
				CODE_SIGN_STYLE = Automatic;
				DEVELOPMENT_TEAM = TNW6SX35BW;
				INFOPLIST_FILE = translator/Info.plist;
				LD_RUNPATH_SEARCH_PATHS = (
					"$(inherited)",
					"@executable_path/Frameworks",
				);
				PRODUCT_BUNDLE_IDENTIFIER = compsciDS;
				PRODUCT_NAME = "$(TARGET_NAME)";
				TARGETED_DEVICE_FAMILY = "1,2";
			};
			name = Debug;
		};
		D765415E23CE8289008BD5D9 /* Release */ = {
			isa = XCBuildConfiguration;
			buildSettings = {
				ASSETCATALOG_COMPILER_APPICON_NAME = AppIcon;
				CODE_SIGN_STYLE = Automatic;
				DEVELOPMENT_TEAM = TNW6SX35BW;
				INFOPLIST_FILE = translator/Info.plist;
				LD_RUNPATH_SEARCH_PATHS = (
					"$(inherited)",
					"@executable_path/Frameworks",
				);
				PRODUCT_BUNDLE_IDENTIFIER = compsciDS;
				PRODUCT_NAME = "$(TARGET_NAME)";
				TARGETED_DEVICE_FAMILY = "1,2";
			};
			name = Release;
		};
		D765416023CE8289008BD5D9 /* Debug */ = {
			isa = XCBuildConfiguration;
			buildSettings = {
				BUNDLE_LOADER = "$(TEST_HOST)";
				"CODE_SIGN_IDENTITY[sdk=macosx*]" = "-";
				CODE_SIGN_STYLE = Automatic;
				DEVELOPMENT_TEAM = TNW6SX35BW;
				INFOPLIST_FILE = translatorTests/Info.plist;
				IPHONEOS_DEPLOYMENT_TARGET = 13.1;
				LD_RUNPATH_SEARCH_PATHS = (
					"$(inherited)",
					"@executable_path/Frameworks",
					"@loader_path/Frameworks",
				);
				PRODUCT_BUNDLE_IDENTIFIER = raw.translatorTests;
				PRODUCT_NAME = "$(TARGET_NAME)";
				TARGETED_DEVICE_FAMILY = "1,2";
				TEST_HOST = "$(BUILT_PRODUCTS_DIR)/translator.app/translator";
			};
			name = Debug;
		};
		D765416123CE8289008BD5D9 /* Release */ = {
			isa = XCBuildConfiguration;
			buildSettings = {
				BUNDLE_LOADER = "$(TEST_HOST)";
				"CODE_SIGN_IDENTITY[sdk=macosx*]" = "-";
				CODE_SIGN_STYLE = Automatic;
				DEVELOPMENT_TEAM = TNW6SX35BW;
				INFOPLIST_FILE = translatorTests/Info.plist;
				IPHONEOS_DEPLOYMENT_TARGET = 13.1;
				LD_RUNPATH_SEARCH_PATHS = (
					"$(inherited)",
					"@executable_path/Frameworks",
					"@loader_path/Frameworks",
				);
				PRODUCT_BUNDLE_IDENTIFIER = raw.translatorTests;
				PRODUCT_NAME = "$(TARGET_NAME)";
				TARGETED_DEVICE_FAMILY = "1,2";
				TEST_HOST = "$(BUILT_PRODUCTS_DIR)/translator.app/translator";
			};
			name = Release;
		};
		D765416323CE8289008BD5D9 /* Debug */ = {
			isa = XCBuildConfiguration;
			buildSettings = {
				"CODE_SIGN_IDENTITY[sdk=macosx*]" = "-";
				CODE_SIGN_STYLE = Automatic;
				DEVELOPMENT_TEAM = TNW6SX35BW;
				INFOPLIST_FILE = translatorUITests/Info.plist;
				LD_RUNPATH_SEARCH_PATHS = (
					"$(inherited)",
					"@executable_path/Frameworks",
					"@loader_path/Frameworks",
				);
				PRODUCT_BUNDLE_IDENTIFIER = raw.translatorUITests;
				PRODUCT_NAME = "$(TARGET_NAME)";
				TARGETED_DEVICE_FAMILY = "1,2";
				TEST_TARGET_NAME = translator;
			};
			name = Debug;
		};
		D765416423CE8289008BD5D9 /* Release */ = {
			isa = XCBuildConfiguration;
			buildSettings = {
				"CODE_SIGN_IDENTITY[sdk=macosx*]" = "-";
				CODE_SIGN_STYLE = Automatic;
				DEVELOPMENT_TEAM = TNW6SX35BW;
				INFOPLIST_FILE = translatorUITests/Info.plist;
				LD_RUNPATH_SEARCH_PATHS = (
					"$(inherited)",
					"@executable_path/Frameworks",
					"@loader_path/Frameworks",
				);
				PRODUCT_BUNDLE_IDENTIFIER = raw.translatorUITests;
				PRODUCT_NAME = "$(TARGET_NAME)";
				TARGETED_DEVICE_FAMILY = "1,2";
				TEST_TARGET_NAME = translator;
			};
			name = Release;
		};
/* End XCBuildConfiguration section */

/* Begin XCConfigurationList section */
		D765412823CE8287008BD5D9 /* Build configuration list for PBXProject "translator" */ = {
			isa = XCConfigurationList;
			buildConfigurations = (
				D765415A23CE8289008BD5D9 /* Debug */,
				D765415B23CE8289008BD5D9 /* Release */,
			);
			defaultConfigurationIsVisible = 0;
			defaultConfigurationName = Release;
		};
		D765415C23CE8289008BD5D9 /* Build configuration list for PBXNativeTarget "translator" */ = {
			isa = XCConfigurationList;
			buildConfigurations = (
				D765415D23CE8289008BD5D9 /* Debug */,
				D765415E23CE8289008BD5D9 /* Release */,
			);
			defaultConfigurationIsVisible = 0;
			defaultConfigurationName = Release;
		};
		D765415F23CE8289008BD5D9 /* Build configuration list for PBXNativeTarget "translatorTests" */ = {
			isa = XCConfigurationList;
			buildConfigurations = (
				D765416023CE8289008BD5D9 /* Debug */,
				D765416123CE8289008BD5D9 /* Release */,
			);
			defaultConfigurationIsVisible = 0;
			defaultConfigurationName = Release;
		};
		D765416223CE8289008BD5D9 /* Build configuration list for PBXNativeTarget "translatorUITests" */ = {
			isa = XCConfigurationList;
			buildConfigurations = (
				D765416323CE8289008BD5D9 /* Debug */,
				D765416423CE8289008BD5D9 /* Release */,
			);
			defaultConfigurationIsVisible = 0;
			defaultConfigurationName = Release;
		};
/* End XCConfigurationList section */
	};
	rootObject = D765412523CE8287008BD5D9 /* Project object */;
}
